<?xml version="1.0" encoding="UTF-8"?>
<Scheme LastUpgradeVersion="1500" version="1.7">
   <BuildAction parallelizeBuildables="YES" buildImplicitDependencies="YES">
      <BuildActionEntries>
         <BuildActionEntry buildForTesting="YES" buildForRunning="YES" buildForProfiling="YES" buildForArchiving="YES" buildForAnalyzing="YES">
            <BuildableReference BuildableIdentifier="primary" BlueprintIdentifier="1874E7D0501F4DFCADA8C443" BuildableName="OptimizadorMacM4.app" BlueprintName="OptimizadorMacM4" ReferencedContainer="container:OptimizadorMacM4.xcodeproj"/>
         </BuildActionEntry>
      </BuildActionEntries>
   </BuildAction>
   <TestAction buildConfiguration="Debug" selectedDebuggerIdentifier="Xcode.DebuggerFoundation.Debugger.LLDB" selectedLauncherIdentifier="Xcode.DebuggerFoundation.Launcher.LLDB">
      <Testables>
         <TestableReference skipped="NO">
            <BuildableReference BuildableIdentifier="primary" BlueprintIdentifier="294AAD69460849A6BEB725A6" BuildableName="OptimizadorMacM4Tests.xctest" BlueprintName="OptimizadorMacM4Tests" ReferencedContainer="container:OptimizadorMacM4.xcodeproj"/>
         </TestableReference>
      </Testables>
   </TestAction>
   <LaunchAction buildConfiguration="Debug" selectedDebuggerIdentifier="Xcode.DebuggerFoundation.Debugger.LLDB" selectedLauncherIdentifier="Xcode.DebuggerFoundation.Launcher.LLDB">
      <BuildableProductRunnable runnableDebuggingMode="0">
         <BuildableReference BuildableIdentifier="primary" BlueprintIdentifier="1874E7D0501F4DFCADA8C443" BuildableName="OptimizadorMacM4.app" BlueprintName="OptimizadorMacM4" ReferencedContainer="container:OptimizadorMacM4.xcodeproj"/>
      </BuildableProductRunnable>
   </LaunchAction>
</Scheme>